
Microsoft Visual Studio Solution File, Format Version 12.00
# Visual Studio Version 17
VisualStudioVersion = 17.9.34723.18
MinimumVisualStudioVersion = 10.0.40219.1
Project("{FAE04EC0-301F-11D3-BF4B-00C04F79EFBC}") = "ACMESchool.Domain", "..\ACMESchool.Domain\ACMESchool.Domain.csproj", "{6C7AEFAA-3028-43F9-94EA-87691DF67E5E}"
EndProject
Project("{FAE04EC0-301F-11D3-BF4B-00C04F79EFBC}") = "ACMESchool.ConsoleApp", "..\ACMESchool.ConsoleApp\ACMESchool.ConsoleApp.csproj", "{DE55CA6B-848E-4845-89BB-D0F098181007}"
EndProject
Project("{FAE04EC0-301F-11D3-BF4B-00C04F79EFBC}") = "ACMESchool.Tests", "..\ACMESchool.Tests\ACMESchool.Tests.csproj", "{B50DBEAE-4DB4-49AD-8B28-043247D36845}"
	ProjectSection(ProjectDependencies) = postProject
		{6C7AEFAA-3028-43F9-94EA-87691DF67E5E} = {6C7AEFAA-3028-43F9-94EA-87691DF67E5E}
		{DE55CA6B-848E-4845-89BB-D0F098181007} = {DE55CA6B-848E-4845-89BB-D0F098181007}
	EndProjectSection
EndProject
Project("{2150E333-8FDC-42A3-9474-1A3956D46DE8}") = "Solution Items", "Solution Items", "{B8830FCC-C050-4592-8E0B-7B8EB82CDDBC}"
	ProjectSection(SolutionItems) = preProject
		.editorconfig = .editorconfig
	EndProjectSection
EndProject
Global
	GlobalSection(SolutionConfigurationPlatforms) = preSolution
		Debug|Any CPU = Debug|Any CPU
		Release|Any CPU = Release|Any CPU
	EndGlobalSection
	GlobalSection(ProjectConfigurationPlatforms) = postSolution
		{6C7AEFAA-3028-43F9-94EA-87691DF67E5E}.Debug|Any CPU.ActiveCfg = Debug|Any CPU
		{6C7AEFAA-3028-43F9-94EA-87691DF67E5E}.Debug|Any CPU.Build.0 = Debug|Any CPU
		{6C7AEFAA-3028-43F9-94EA-87691DF67E5E}.Release|Any CPU.ActiveCfg = Release|Any CPU
		{6C7AEFAA-3028-43F9-94EA-87691DF67E5E}.Release|Any CPU.Build.0 = Release|Any CPU
		{DE55CA6B-848E-4845-89BB-D0F098181007}.Debug|Any CPU.ActiveCfg = Debug|Any CPU
		{DE55CA6B-848E-4845-89BB-D0F098181007}.Debug|Any CPU.Build.0 = Debug|Any CPU
		{DE55CA6B-848E-4845-89BB-D0F098181007}.Release|Any CPU.ActiveCfg = Release|Any CPU
		{DE55CA6B-848E-4845-89BB-D0F098181007}.Release|Any CPU.Build.0 = Release|Any CPU
		{B50DBEAE-4DB4-49AD-8B28-043247D36845}.Debug|Any CPU.ActiveCfg = Debug|Any CPU
		{B50DBEAE-4DB4-49AD-8B28-043247D36845}.Debug|Any CPU.Build.0 = Debug|Any CPU
		{B50DBEAE-4DB4-49AD-8B28-043247D36845}.Release|Any CPU.ActiveCfg = Release|Any CPU
		{B50DBEAE-4DB4-49AD-8B28-043247D36845}.Release|Any CPU.Build.0 = Release|Any CPU
	EndGlobalSection
	GlobalSection(SolutionProperties) = preSolution
		HideSolutionNode = FALSE
	EndGlobalSection
	GlobalSection(ExtensibilityGlobals) = postSolution
		SolutionGuid = {28588AD5-4E19-4BEC-8846-1654AC8B2906}
	EndGlobalSection
EndGlobal
